
Microsoft Visual Studio Solution File, Format Version 12.00
# Visual Studio Version 16
VisualStudioVersion = 16.0.33328.57
MinimumVisualStudioVersion = 10.0.40219.1
Project("{FAE04EC0-301F-11D3-BF4B-00C04F79EFBC}") = "Class285.2", "Class285.2\Class285.2.csproj", "{B6FD8D3F-3D08-4C05-8D09-62322B4C69DD}"
EndProject
Global
	GlobalSection(SolutionConfigurationPlatforms) = preSolution
		Debug|Any CPU = Debug|Any CPU
		Release|Any CPU = Release|Any CPU
	EndGlobalSection
	GlobalSection(ProjectConfigurationPlatforms) = postSolution
		{B6FD8D3F-3D08-4C05-8D09-62322B4C69DD}.Debug|Any CPU.ActiveCfg = Debug|Any CPU
		{B6FD8D3F-3D08-4C05-8D09-62322B4C69DD}.Debug|Any CPU.Build.0 = Debug|Any CPU
		{B6FD8D3F-3D08-4C05-8D09-62322B4C69DD}.Release|Any CPU.ActiveCfg = Release|Any CPU
		{B6FD8D3F-3D08-4C05-8D09-62322B4C69DD}.Release|Any CPU.Build.0 = Release|Any CPU
	EndGlobalSection
	GlobalSection(SolutionProperties) = preSolution
		HideSolutionNode = FALSE
	EndGlobalSection
	GlobalSection(ExtensibilityGlobals) = postSolution
		SolutionGuid = {8C61F5E5-E8B1-4328-8F18-7F5557CD516B}
	EndGlobalSection
EndGlobal
