
Microsoft Visual Studio Solution File, Format Version 12.00
# Visual Studio Version 16
VisualStudioVersion = 16.0.33328.57
MinimumVisualStudioVersion = 10.0.40219.1
Project("{FAE04EC0-301F-11D3-BF4B-00C04F79EFBC}") = "MVCApp453", "MVCApp453\MVCApp453.csproj", "{0A6265E0-2589-4D4A-B174-E87035992F96}"
EndProject
Global
	GlobalSection(SolutionConfigurationPlatforms) = preSolution
		Debug|Any CPU = Debug|Any CPU
		Release|Any CPU = Release|Any CPU
	EndGlobalSection
	GlobalSection(ProjectConfigurationPlatforms) = postSolution
		{0A6265E0-2589-4D4A-B174-E87035992F96}.Debug|Any CPU.ActiveCfg = Debug|Any CPU
		{0A6265E0-2589-4D4A-B174-E87035992F96}.Debug|Any CPU.Build.0 = Debug|Any CPU
		{0A6265E0-2589-4D4A-B174-E87035992F96}.Release|Any CPU.ActiveCfg = Release|Any CPU
		{0A6265E0-2589-4D4A-B174-E87035992F96}.Release|Any CPU.Build.0 = Release|Any CPU
	EndGlobalSection
	GlobalSection(SolutionProperties) = preSolution
		HideSolutionNode = FALSE
	EndGlobalSection
	GlobalSection(ExtensibilityGlobals) = postSolution
		SolutionGuid = {264900A3-2953-4C8A-BBA0-E4F5E5C06549}
	EndGlobalSection
EndGlobal
