
Microsoft Visual Studio Solution File, Format Version 12.00
# Visual Studio Version 16
VisualStudioVersion = 16.0.33328.57
MinimumVisualStudioVersion = 10.0.40219.1
Project("{FAE04EC0-301F-11D3-BF4B-00C04F79EFBC}") = "Hello World", "Hello World\Hello World.csproj", "{54FF7766-085D-4CC9-9270-1665D790FE33}"
EndProject
Global
	GlobalSection(SolutionConfigurationPlatforms) = preSolution
		Debug|Any CPU = Debug|Any CPU
		Release|Any CPU = Release|Any CPU
	EndGlobalSection
	GlobalSection(ProjectConfigurationPlatforms) = postSolution
		{54FF7766-085D-4CC9-9270-1665D790FE33}.Debug|Any CPU.ActiveCfg = Debug|Any CPU
		{54FF7766-085D-4CC9-9270-1665D790FE33}.Debug|Any CPU.Build.0 = Debug|Any CPU
		{54FF7766-085D-4CC9-9270-1665D790FE33}.Release|Any CPU.ActiveCfg = Release|Any CPU
		{54FF7766-085D-4CC9-9270-1665D790FE33}.Release|Any CPU.Build.0 = Release|Any CPU
	EndGlobalSection
	GlobalSection(SolutionProperties) = preSolution
		HideSolutionNode = FALSE
	EndGlobalSection
	GlobalSection(ExtensibilityGlobals) = postSolution
		SolutionGuid = {373EC64A-33BB-4441-B62C-2B13C7E591C7}
	EndGlobalSection
EndGlobal
